// !$*UTF8*$!
{
	archiveVersion = 1;
	classes = {
	};
	objectVersion = 56;
	objects = {

/* Begin PBXBuildFile section */
		3E103DF229B89C160096DCB3 /* AppDelegate.swift in Sources */ = {isa = PBXBuildFile; fileRef = 3E103DF129B89C160096DCB3 /* AppDelegate.swift */; };
		3E103DF429B89C160096DCB3 /* SceneDelegate.swift in Sources */ = {isa = PBXBuildFile; fileRef = 3E103DF329B89C160096DCB3 /* SceneDelegate.swift */; };
		3E103DF629B89C160096DCB3 /* ReminderListViewController.swift in Sources */ = {isa = PBXBuildFile; fileRef = 3E103DF529B89C160096DCB3 /* ReminderListViewController.swift */; };
		3E103DF929B89C160096DCB3 /* Main.storyboard in Resources */ = {isa = PBXBuildFile; fileRef = 3E103DF729B89C160096DCB3 /* Main.storyboard */; };
		3E103DFB29B89C180096DCB3 /* Assets.xcassets in Resources */ = {isa = PBXBuildFile; fileRef = 3E103DFA29B89C180096DCB3 /* Assets.xcassets */; };
		3E103DFE29B89C180096DCB3 /* LaunchScreen.storyboard in Resources */ = {isa = PBXBuildFile; fileRef = 3E103DFC29B89C180096DCB3 /* LaunchScreen.storyboard */; };
		3E103E0829B8C2FC0096DCB3 /* Reminder.swift in Sources */ = {isa = PBXBuildFile; fileRef = 3E103E0729B8C2FC0096DCB3 /* Reminder.swift */; };
		3E103E0B29B906130096DCB3 /* Date+Today.swift in Sources */ = {isa = PBXBuildFile; fileRef = 3E103E0A29B906130096DCB3 /* Date+Today.swift */; };
		3E60D74C29C33487003FF94B /* ReminderViewController.swift in Sources */ = {isa = PBXBuildFile; fileRef = 3E60D74B29C33487003FF94B /* ReminderViewController.swift */; };
		3EA7C20029C1292C00AFEF89 /* ReminderDoneButton.swift in Sources */ = {isa = PBXBuildFile; fileRef = 3EA7C1FF29C1292C00AFEF89 /* ReminderDoneButton.swift */; };
		3EA7C20229C12B2700AFEF89 /* ReminderListViewController+Actions.swift in Sources */ = {isa = PBXBuildFile; fileRef = 3EA7C20129C12B2700AFEF89 /* ReminderListViewController+Actions.swift */; };
		3EC8155829B914BB0056660A /* ReminderListViewController+DataSource.swift in Sources */ = {isa = PBXBuildFile; fileRef = 3EC8155729B914BB0056660A /* ReminderListViewController+DataSource.swift */; };
		3EC8155A29B922E40056660A /* UIColor+Today.swift in Sources */ = {isa = PBXBuildFile; fileRef = 3EC8155929B922E40056660A /* UIColor+Today.swift */; };
/* End PBXBuildFile section */

/* Begin PBXFileReference section */
		3E103DEE29B89C160096DCB3 /* Today.app */ = {isa = PBXFileReference; explicitFileType = wrapper.application; includeInIndex = 0; path = Today.app; sourceTree = BUILT_PRODUCTS_DIR; };
		3E103DF129B89C160096DCB3 /* AppDelegate.swift */ = {isa = PBXFileReference; lastKnownFileType = sourcecode.swift; path = AppDelegate.swift; sourceTree = "<group>"; };
		3E103DF329B89C160096DCB3 /* SceneDelegate.swift */ = {isa = PBXFileReference; lastKnownFileType = sourcecode.swift; path = SceneDelegate.swift; sourceTree = "<group>"; };
		3E103DF529B89C160096DCB3 /* ReminderListViewController.swift */ = {isa = PBXFileReference; lastKnownFileType = sourcecode.swift; path = ReminderListViewController.swift; sourceTree = "<group>"; };
		3E103DF829B89C160096DCB3 /* Base */ = {isa = PBXFileReference; lastKnownFileType = file.storyboard; name = Base; path = Base.lproj/Main.storyboard; sourceTree = "<group>"; };
		3E103DFA29B89C180096DCB3 /* Assets.xcassets */ = {isa = PBXFileReference; lastKnownFileType = folder.assetcatalog; path = Assets.xcassets; sourceTree = "<group>"; };
		3E103DFD29B89C180096DCB3 /* Base */ = {isa = PBXFileReference; lastKnownFileType = file.storyboard; name = Base; path = Base.lproj/LaunchScreen.storyboard; sourceTree = "<group>"; };
		3E103DFF29B89C180096DCB3 /* Info.plist */ = {isa = PBXFileReference; lastKnownFileType = text.plist.xml; path = Info.plist; sourceTree = "<group>"; };
		3E103E0729B8C2FC0096DCB3 /* Reminder.swift */ = {isa = PBXFileReference; lastKnownFileType = sourcecode.swift; path = Reminder.swift; sourceTree = "<group>"; };
		3E103E0A29B906130096DCB3 /* Date+Today.swift */ = {isa = PBXFileReference; lastKnownFileType = sourcecode.swift; path = "Date+Today.swift"; sourceTree = "<group>"; };
		3E60D74B29C33487003FF94B /* ReminderViewController.swift */ = {isa = PBXFileReference; lastKnownFileType = sourcecode.swift; path = ReminderViewController.swift; sourceTree = "<group>"; };
		3EA7C1FF29C1292C00AFEF89 /* ReminderDoneButton.swift */ = {isa = PBXFileReference; lastKnownFileType = sourcecode.swift; path = ReminderDoneButton.swift; sourceTree = "<group>"; };
		3EA7C20129C12B2700AFEF89 /* ReminderListViewController+Actions.swift */ = {isa = PBXFileReference; lastKnownFileType = sourcecode.swift; path = "ReminderListViewController+Actions.swift"; sourceTree = "<group>"; };
		3EC8155729B914BB0056660A /* ReminderListViewController+DataSource.swift */ = {isa = PBXFileReference; lastKnownFileType = sourcecode.swift; path = "ReminderListViewController+DataSource.swift"; sourceTree = "<group>"; };
		3EC8155929B922E40056660A /* UIColor+Today.swift */ = {isa = PBXFileReference; fileEncoding = 4; lastKnownFileType = sourcecode.swift; path = "UIColor+Today.swift"; sourceTree = "<group>"; };
/* End PBXFileReference section */

/* Begin PBXFrameworksBuildPhase section */
		3E103DEB29B89C160096DCB3 /* Frameworks */ = {
			isa = PBXFrameworksBuildPhase;
			buildActionMask = 2147483647;
			files = (
			);
			runOnlyForDeploymentPostprocessing = 0;
		};
/* End PBXFrameworksBuildPhase section */

/* Begin PBXGroup section */
		3E103DE529B89C160096DCB3 = {
			isa = PBXGroup;
			children = (
				3E103DF029B89C160096DCB3 /* Today */,
				3E103DEF29B89C160096DCB3 /* Products */,
			);
			sourceTree = "<group>";
		};
		3E103DEF29B89C160096DCB3 /* Products */ = {
			isa = PBXGroup;
			children = (
				3E103DEE29B89C160096DCB3 /* Today.app */,
			);
			name = Products;
			sourceTree = "<group>";
		};
		3E103DF029B89C160096DCB3 /* Today */ = {
			isa = PBXGroup;
			children = (
				3E103DF129B89C160096DCB3 /* AppDelegate.swift */,
				3E103DF329B89C160096DCB3 /* SceneDelegate.swift */,
				3E103E0629B8C2EE0096DCB3 /* Models */,
				3E103E0929B8C43D0096DCB3 /* ViewController */,
				3E103E0529B8C1D30096DCB3 /* Views */,
				3E2AC17929BB3D2B009FB798 /* Helper */,
				3E103DFA29B89C180096DCB3 /* Assets.xcassets */,
				3E103DFC29B89C180096DCB3 /* LaunchScreen.storyboard */,
				3E103DFF29B89C180096DCB3 /* Info.plist */,
			);
			path = Today;
			sourceTree = "<group>";
		};
		3E103E0529B8C1D30096DCB3 /* Views */ = {
			isa = PBXGroup;
			children = (
				3E2AC17A29BB55EF009FB798 /* IB */,
				3EA7C1FF29C1292C00AFEF89 /* ReminderDoneButton.swift */,
			);
			path = Views;
			sourceTree = "<group>";
		};
		3E103E0629B8C2EE0096DCB3 /* Models */ = {
			isa = PBXGroup;
			children = (
				3E103E0729B8C2FC0096DCB3 /* Reminder.swift */,
				3E103E0A29B906130096DCB3 /* Date+Today.swift */,
			);
			path = Models;
			sourceTree = "<group>";
		};
		3E103E0929B8C43D0096DCB3 /* ViewController */ = {
			isa = PBXGroup;
			children = (
				3E103DF529B89C160096DCB3 /* ReminderListViewController.swift */,
				3EC8155729B914BB0056660A /* ReminderListViewController+DataSource.swift */,
				3EA7C20129C12B2700AFEF89 /* ReminderListViewController+Actions.swift */,
				3E60D74B29C33487003FF94B /* ReminderViewController.swift */,
			);
			path = ViewController;
			sourceTree = "<group>";
		};
		3E2AC17929BB3D2B009FB798 /* Helper */ = {
			isa = PBXGroup;
			children = (
				3EC8155929B922E40056660A /* UIColor+Today.swift */,
			);
			path = Helper;
			sourceTree = "<group>";
		};
		3E2AC17A29BB55EF009FB798 /* IB */ = {
			isa = PBXGroup;
			children = (
				3E103DF729B89C160096DCB3 /* Main.storyboard */,
			);
			path = IB;
			sourceTree = "<group>";
		};
/* End PBXGroup section */

/* Begin PBXNativeTarget section */
		3E103DED29B89C160096DCB3 /* Today */ = {
			isa = PBXNativeTarget;
			buildConfigurationList = 3E103E0229B89C180096DCB3 /* Build configuration list for PBXNativeTarget "Today" */;
			buildPhases = (
				3E103DEA29B89C160096DCB3 /* Sources */,
				3E103DEB29B89C160096DCB3 /* Frameworks */,
				3E103DEC29B89C160096DCB3 /* Resources */,
			);
			buildRules = (
			);
			dependencies = (
			);
			name = Today;
			productName = Today;
			productReference = 3E103DEE29B89C160096DCB3 /* Today.app */;
			productType = "com.apple.product-type.application";
		};
/* End PBXNativeTarget section */

/* Begin PBXProject section */
		3E103DE629B89C160096DCB3 /* Project object */ = {
			isa = PBXProject;
			attributes = {
				BuildIndependentTargetsInParallel = 1;
				LastSwiftUpdateCheck = 1420;
				LastUpgradeCheck = 1420;
				TargetAttributes = {
					3E103DED29B89C160096DCB3 = {
						CreatedOnToolsVersion = 14.2;
					};
				};
			};
			buildConfigurationList = 3E103DE929B89C160096DCB3 /* Build configuration list for PBXProject "Today" */;
			compatibilityVersion = "Xcode 14.0";
			developmentRegion = en;
			hasScannedForEncodings = 0;
			knownRegions = (
				en,
				Base,
			);
			mainGroup = 3E103DE529B89C160096DCB3;
			productRefGroup = 3E103DEF29B89C160096DCB3 /* Products */;
			projectDirPath = "";
			projectRoot = "";
			targets = (
				3E103DED29B89C160096DCB3 /* Today */,
			);
		};
/* End PBXProject section */

/* Begin PBXResourcesBuildPhase section */
		3E103DEC29B89C160096DCB3 /* Resources */ = {
			isa = PBXResourcesBuildPhase;
			buildActionMask = 2147483647;
			files = (
				3E103DFE29B89C180096DCB3 /* LaunchScreen.storyboard in Resources */,
				3E103DFB29B89C180096DCB3 /* Assets.xcassets in Resources */,
				3E103DF929B89C160096DCB3 /* Main.storyboard in Resources */,
			);
			runOnlyForDeploymentPostprocessing = 0;
		};
/* End PBXResourcesBuildPhase section */

/* Begin PBXSourcesBuildPhase section */
		3E103DEA29B89C160096DCB3 /* Sources */ = {
			isa = PBXSourcesBuildPhase;
			buildActionMask = 2147483647;
			files = (
				3EC8155A29B922E40056660A /* UIColor+Today.swift in Sources */,
				3E103DF629B89C160096DCB3 /* ReminderListViewController.swift in Sources */,
				3E60D74C29C33487003FF94B /* ReminderViewController.swift in Sources */,
				3E103E0B29B906130096DCB3 /* Date+Today.swift in Sources */,
				3EA7C20029C1292C00AFEF89 /* ReminderDoneButton.swift in Sources */,
				3E103DF229B89C160096DCB3 /* AppDelegate.swift in Sources */,
				3E103DF429B89C160096DCB3 /* SceneDelegate.swift in Sources */,
				3E103E0829B8C2FC0096DCB3 /* Reminder.swift in Sources */,
				3EC8155829B914BB0056660A /* ReminderListViewController+DataSource.swift in Sources */,
				3EA7C20229C12B2700AFEF89 /* ReminderListViewController+Actions.swift in Sources */,
			);
			runOnlyForDeploymentPostprocessing = 0;
		};
/* End PBXSourcesBuildPhase section */

/* Begin PBXVariantGroup section */
		3E103DF729B89C160096DCB3 /* Main.storyboard */ = {
			isa = PBXVariantGroup;
			children = (
				3E103DF829B89C160096DCB3 /* Base */,
			);
			name = Main.storyboard;
			sourceTree = "<group>";
		};
		3E103DFC29B89C180096DCB3 /* LaunchScreen.storyboard */ = {
			isa = PBXVariantGroup;
			children = (
				3E103DFD29B89C180096DCB3 /* Base */,
			);
			name = LaunchScreen.storyboard;
			sourceTree = "<group>";
		};
/* End PBXVariantGroup section */

/* Begin XCBuildConfiguration section */
		3E103E0029B89C180096DCB3 /* Debug */ = {
			isa = XCBuildConfiguration;
			buildSettings = {
				ALWAYS_SEARCH_USER_PATHS = NO;
				CLANG_ANALYZER_NONNULL = YES;
				CLANG_ANALYZER_NUMBER_OBJECT_CONVERSION = YES_AGGRESSIVE;
				CLANG_CXX_LANGUAGE_STANDARD = "gnu++20";
				CLANG_ENABLE_MODULES = YES;
				CLANG_ENABLE_OBJC_ARC = YES;
				CLANG_ENABLE_OBJC_WEAK = YES;
				CLANG_WARN_BLOCK_CAPTURE_AUTORELEASING = YES;
				CLANG_WARN_BOOL_CONVERSION = YES;
				CLANG_WARN_COMMA = YES;
				CLANG_WARN_CONSTANT_CONVERSION = YES;
				CLANG_WARN_DEPRECATED_OBJC_IMPLEMENTATIONS = YES;
				CLANG_WARN_DIRECT_OBJC_ISA_USAGE = YES_ERROR;
				CLANG_WARN_DOCUMENTATION_COMMENTS = YES;
				CLANG_WARN_EMPTY_BODY = YES;
				CLANG_WARN_ENUM_CONVERSION = YES;
				CLANG_WARN_INFINITE_RECURSION = YES;
				CLANG_WARN_INT_CONVERSION = YES;
				CLANG_WARN_NON_LITERAL_NULL_CONVERSION = YES;
				CLANG_WARN_OBJC_IMPLICIT_RETAIN_SELF = YES;
				CLANG_WARN_OBJC_LITERAL_CONVERSION = YES;
				CLANG_WARN_OBJC_ROOT_CLASS = YES_ERROR;
				CLANG_WARN_QUOTED_INCLUDE_IN_FRAMEWORK_HEADER = YES;
				CLANG_WARN_RANGE_LOOP_ANALYSIS = YES;
				CLANG_WARN_STRICT_PROTOTYPES = YES;
				CLANG_WARN_SUSPICIOUS_MOVE = YES;
				CLANG_WARN_UNGUARDED_AVAILABILITY = YES_AGGRESSIVE;
				CLANG_WARN_UNREACHABLE_CODE = YES;
				CLANG_WARN__DUPLICATE_METHOD_MATCH = YES;
				COPY_PHASE_STRIP = NO;
				DEBUG_INFORMATION_FORMAT = dwarf;
				ENABLE_STRICT_OBJC_MSGSEND = YES;
				ENABLE_TESTABILITY = YES;
				GCC_C_LANGUAGE_STANDARD = gnu11;
				GCC_DYNAMIC_NO_PIC = NO;
				GCC_NO_COMMON_BLOCKS = YES;
				GCC_OPTIMIZATION_LEVEL = 0;
				GCC_PREPROCESSOR_DEFINITIONS = (
					"DEBUG=1",
					"$(inherited)",
				);
				GCC_WARN_64_TO_32_BIT_CONVERSION = YES;
				GCC_WARN_ABOUT_RETURN_TYPE = YES_ERROR;
				GCC_WARN_UNDECLARED_SELECTOR = YES;
				GCC_WARN_UNINITIALIZED_AUTOS = YES_AGGRESSIVE;
				GCC_WARN_UNUSED_FUNCTION = YES;
				GCC_WARN_UNUSED_VARIABLE = YES;
				IPHONEOS_DEPLOYMENT_TARGET = 16.2;
				MTL_ENABLE_DEBUG_INFO = INCLUDE_SOURCE;
				MTL_FAST_MATH = YES;
				ONLY_ACTIVE_ARCH = YES;
				SDKROOT = iphoneos;
				SWIFT_ACTIVE_COMPILATION_CONDITIONS = DEBUG;
				SWIFT_OPTIMIZATION_LEVEL = "-Onone";
			};
			name = Debug;
		};
		3E103E0129B89C180096DCB3 /* Release */ = {
			isa = XCBuildConfiguration;
			buildSettings = {
				ALWAYS_SEARCH_USER_PATHS = NO;
				CLANG_ANALYZER_NONNULL = YES;
				CLANG_ANALYZER_NUMBER_OBJECT_CONVERSION = YES_AGGRESSIVE;
				CLANG_CXX_LANGUAGE_STANDARD = "gnu++20";
				CLANG_ENABLE_MODULES = YES;
				CLANG_ENABLE_OBJC_ARC = YES;
				CLANG_ENABLE_OBJC_WEAK = YES;
				CLANG_WARN_BLOCK_CAPTURE_AUTORELEASING = YES;
				CLANG_WARN_BOOL_CONVERSION = YES;
				CLANG_WARN_COMMA = YES;
				CLANG_WARN_CONSTANT_CONVERSION = YES;
				CLANG_WARN_DEPRECATED_OBJC_IMPLEMENTATIONS = YES;
				CLANG_WARN_DIRECT_OBJC_ISA_USAGE = YES_ERROR;
				CLANG_WARN_DOCUMENTATION_COMMENTS = YES;
				CLANG_WARN_EMPTY_BODY = YES;
				CLANG_WARN_ENUM_CONVERSION = YES;
				CLANG_WARN_INFINITE_RECURSION = YES;
				CLANG_WARN_INT_CONVERSION = YES;
				CLANG_WARN_NON_LITERAL_NULL_CONVERSION = YES;
				CLANG_WARN_OBJC_IMPLICIT_RETAIN_SELF = YES;
				CLANG_WARN_OBJC_LITERAL_CONVERSION = YES;
				CLANG_WARN_OBJC_ROOT_CLASS = YES_ERROR;
				CLANG_WARN_QUOTED_INCLUDE_IN_FRAMEWORK_HEADER = YES;
				CLANG_WARN_RANGE_LOOP_ANALYSIS = YES;
				CLANG_WARN_STRICT_PROTOTYPES = YES;
				CLANG_WARN_SUSPICIOUS_MOVE = YES;
				CLANG_WARN_UNGUARDED_AVAILABILITY = YES_AGGRESSIVE;
				CLANG_WARN_UNREACHABLE_CODE = YES;
				CLANG_WARN__DUPLICATE_METHOD_MATCH = YES;
				COPY_PHASE_STRIP = NO;
				DEBUG_INFORMATION_FORMAT = "dwarf-with-dsym";
				ENABLE_NS_ASSERTIONS = NO;
				ENABLE_STRICT_OBJC_MSGSEND = YES;
				GCC_C_LANGUAGE_STANDARD = gnu11;
				GCC_NO_COMMON_BLOCKS = YES;
				GCC_WARN_64_TO_32_BIT_CONVERSION = YES;
				GCC_WARN_ABOUT_RETURN_TYPE = YES_ERROR;
				GCC_WARN_UNDECLARED_SELECTOR = YES;
				GCC_WARN_UNINITIALIZED_AUTOS = YES_AGGRESSIVE;
				GCC_WARN_UNUSED_FUNCTION = YES;
				GCC_WARN_UNUSED_VARIABLE = YES;
				IPHONEOS_DEPLOYMENT_TARGET = 16.2;
				MTL_ENABLE_DEBUG_INFO = NO;
				MTL_FAST_MATH = YES;
				SDKROOT = iphoneos;
				SWIFT_COMPILATION_MODE = wholemodule;
				SWIFT_OPTIMIZATION_LEVEL = "-O";
				VALIDATE_PRODUCT = YES;
			};
			name = Release;
		};
		3E103E0329B89C180096DCB3 /* Debug */ = {
			isa = XCBuildConfiguration;
			buildSettings = {
				ASSETCATALOG_COMPILER_APPICON_NAME = AppIcon;
				ASSETCATALOG_COMPILER_GLOBAL_ACCENT_COLOR_NAME = AccentColor;
				CODE_SIGN_STYLE = Automatic;
				CURRENT_PROJECT_VERSION = 1;
				DEVELOPMENT_TEAM = CYZA2EE6W8;
				GENERATE_INFOPLIST_FILE = YES;
				INFOPLIST_FILE = Today/Info.plist;
				INFOPLIST_KEY_UIApplicationSupportsIndirectInputEvents = YES;
				INFOPLIST_KEY_UILaunchStoryboardName = LaunchScreen;
				INFOPLIST_KEY_UIMainStoryboardFile = Main;
				INFOPLIST_KEY_UISupportedInterfaceOrientations = UIInterfaceOrientationPortrait;
				LD_RUNPATH_SEARCH_PATHS = (
					"$(inherited)",
					"@executable_path/Frameworks",
				);
				MARKETING_VERSION = 1.0;
				PRODUCT_BUNDLE_IDENTIFIER = com.owenhenley.Today;
				PRODUCT_NAME = "$(TARGET_NAME)";
				SWIFT_EMIT_LOC_STRINGS = YES;
				SWIFT_VERSION = 5.0;
				TARGETED_DEVICE_FAMILY = "1,2";
			};
			name = Debug;
		};
		3E103E0429B89C180096DCB3 /* Release */ = {
			isa = XCBuildConfiguration;
			buildSettings = {
				ASSETCATALOG_COMPILER_APPICON_NAME = AppIcon;
				ASSETCATALOG_COMPILER_GLOBAL_ACCENT_COLOR_NAME = AccentColor;
				CODE_SIGN_STYLE = Automatic;
				CURRENT_PROJECT_VERSION = 1;
				DEVELOPMENT_TEAM = CYZA2EE6W8;
				GENERATE_INFOPLIST_FILE = YES;
				INFOPLIST_FILE = Today/Info.plist;
				INFOPLIST_KEY_UIApplicationSupportsIndirectInputEvents = YES;
				INFOPLIST_KEY_UILaunchStoryboardName = LaunchScreen;
				INFOPLIST_KEY_UIMainStoryboardFile = Main;
				INFOPLIST_KEY_UISupportedInterfaceOrientations = UIInterfaceOrientationPortrait;
				LD_RUNPATH_SEARCH_PATHS = (
					"$(inherited)",
					"@executable_path/Frameworks",
				);
				MARKETING_VERSION = 1.0;
				PRODUCT_BUNDLE_IDENTIFIER = com.owenhenley.Today;
				PRODUCT_NAME = "$(TARGET_NAME)";
				SWIFT_EMIT_LOC_STRINGS = YES;
				SWIFT_VERSION = 5.0;
				TARGETED_DEVICE_FAMILY = "1,2";
			};
			name = Release;
		};
/* End XCBuildConfiguration section */

/* Begin XCConfigurationList section */
		3E103DE929B89C160096DCB3 /* Build configuration list for PBXProject "Today" */ = {
			isa = XCConfigurationList;
			buildConfigurations = (
				3E103E0029B89C180096DCB3 /* Debug */,
				3E103E0129B89C180096DCB3 /* Release */,
			);
			defaultConfigurationIsVisible = 0;
			defaultConfigurationName = Release;
		};
		3E103E0229B89C180096DCB3 /* Build configuration list for PBXNativeTarget "Today" */ = {
			isa = XCConfigurationList;
			buildConfigurations = (
				3E103E0329B89C180096DCB3 /* Debug */,
				3E103E0429B89C180096DCB3 /* Release */,
			);
			defaultConfigurationIsVisible = 0;
			defaultConfigurationName = Release;
		};
/* End XCConfigurationList section */
	};
	rootObject = 3E103DE629B89C160096DCB3 /* Project object */;
}
